Microsoft Visual Studio Solution File, Format Version 11.00
# Visual Studio 2008

Project("{17774BD0-CA3F-A89C-AF8B-0D242D293802}") = "InfinityBreakout - 0718PIXEL豆豆", "Assembly-CSharp-firstpass-vs.csproj", "{2D61B146-9077-79CD-9D86-03977F3D3F3A}"
EndProject
Project("{17774BD0-CA3F-A89C-AF8B-0D242D293802}") = "InfinityBreakout - 0718PIXEL豆豆", "Assembly-CSharp-vs.csproj", "{71688BB1-D3DF-8289-D6CA-D45FC186AE16}"
EndProject
Project("{17774BD0-CA3F-A89C-AF8B-0D242D293802}") = "InfinityBreakout - 0718PIXEL豆豆", "Assembly-CSharp-Editor-firstpass-vs.csproj", "{EFF5BBF2-CB36-83CB-62F3-D2830356A353}"
EndProject
Global
	GlobalSection(SolutionConfigurationPlatforms) = preSolution
		Debug|Any CPU = Debug|Any CPU
		Release|Any CPU = Release|Any CPU
	EndGlobalSection
	GlobalSection(ProjectConfigurationPlatforms) = postSolution
		{2D61B146-9077-79CD-9D86-03977F3D3F3A}.Debug|Any CPU.ActiveCfg = Debug|Any CPU
		{2D61B146-9077-79CD-9D86-03977F3D3F3A}.Debug|Any CPU.Build.0 = Debug|Any CPU
		{2D61B146-9077-79CD-9D86-03977F3D3F3A}.Release|Any CPU.ActiveCfg = Release|Any CPU
		{2D61B146-9077-79CD-9D86-03977F3D3F3A}.Release|Any CPU.Build.0 = Release|Any CPU
		{71688BB1-D3DF-8289-D6CA-D45FC186AE16}.Debug|Any CPU.ActiveCfg = Debug|Any CPU
		{71688BB1-D3DF-8289-D6CA-D45FC186AE16}.Debug|Any CPU.Build.0 = Debug|Any CPU
		{71688BB1-D3DF-8289-D6CA-D45FC186AE16}.Release|Any CPU.ActiveCfg = Release|Any CPU
		{71688BB1-D3DF-8289-D6CA-D45FC186AE16}.Release|Any CPU.Build.0 = Release|Any CPU
		{EFF5BBF2-CB36-83CB-62F3-D2830356A353}.Debug|Any CPU.ActiveCfg = Debug|Any CPU
		{EFF5BBF2-CB36-83CB-62F3-D2830356A353}.Debug|Any CPU.Build.0 = Debug|Any CPU
		{EFF5BBF2-CB36-83CB-62F3-D2830356A353}.Release|Any CPU.ActiveCfg = Release|Any CPU
		{EFF5BBF2-CB36-83CB-62F3-D2830356A353}.Release|Any CPU.Build.0 = Release|Any CPU
	EndGlobalSection
	GlobalSection(SolutionProperties) = preSolution
		HideSolutionNode = FALSE
	EndGlobalSection
		GlobalSection(MonoDevelopProperties) = preSolution
		StartupItem = Assembly-CSharp.csproj
		Policies = $0
		$0.TextStylePolicy = $1
		$1.inheritsSet = null
		$1.scope = text/x-csharp
		$0.CSharpFormattingPolicy = $2
		$2.inheritsSet = Mono
		$2.inheritsScope = text/x-csharp
		$2.scope = text/x-csharp
		$0.TextStylePolicy = $3
		$3.FileWidth = 120
		$3.TabWidth = 4
		$3.IndentWidth = 4
		$3.EolMarker = Unix
		$3.inheritsSet = Mono
		$3.inheritsScope = text/plain
		$3.scope = text/plain
	EndGlobalSection

EndGlobal
